
Microsoft Visual Studio Solution File, Format Version 12.00
# Visual Studio Version 16
VisualStudioVersion = 16.0.31702.278
MinimumVisualStudioVersion = 10.0.40219.1
Project("{FAE04EC0-301F-11D3-BF4B-00C04F79EFBC}") = "UserRegistrationTesting", "UserRegistrationTesting\UserRegistrationTesting.csproj", "{70F57D0F-0439-48A6-B873-08FD18B1F75E}"
EndProject
Project("{FAE04EC0-301F-11D3-BF4B-00C04F79EFBC}") = "TestProject1", "TestProject1\TestProject1.csproj", "{3444523B-0D6F-4D96-B73B-BA6EC7C02C26}"
EndProject
Global
	GlobalSection(SolutionConfigurationPlatforms) = preSolution
		Debug|Any CPU = Debug|Any CPU
		Release|Any CPU = Release|Any CPU
	EndGlobalSection
	GlobalSection(ProjectConfigurationPlatforms) = postSolution
		{70F57D0F-0439-48A6-B873-08FD18B1F75E}.Debug|Any CPU.ActiveCfg = Debug|Any CPU
		{70F57D0F-0439-48A6-B873-08FD18B1F75E}.Debug|Any CPU.Build.0 = Debug|Any CPU
		{70F57D0F-0439-48A6-B873-08FD18B1F75E}.Release|Any CPU.ActiveCfg = Release|Any CPU
		{70F57D0F-0439-48A6-B873-08FD18B1F75E}.Release|Any CPU.Build.0 = Release|Any CPU
		{3444523B-0D6F-4D96-B73B-BA6EC7C02C26}.Debug|Any CPU.ActiveCfg = Debug|Any CPU
		{3444523B-0D6F-4D96-B73B-BA6EC7C02C26}.Debug|Any CPU.Build.0 = Debug|Any CPU
		{3444523B-0D6F-4D96-B73B-BA6EC7C02C26}.Release|Any CPU.ActiveCfg = Release|Any CPU
		{3444523B-0D6F-4D96-B73B-BA6EC7C02C26}.Release|Any CPU.Build.0 = Release|Any CPU
	EndGlobalSection
	GlobalSection(SolutionProperties) = preSolution
		HideSolutionNode = FALSE
	EndGlobalSection
	GlobalSection(ExtensibilityGlobals) = postSolution
		SolutionGuid = {3541AAE2-AEB7-4481-816E-7FC0B8C3F89A}
	EndGlobalSection
EndGlobal
